// !$*UTF8*$!
{
	archiveVersion = 1;
	classes = {
	};
	objectVersion = 46;
	objects = {

/* Begin PBXBuildFile section */
		FE37CEDB1D18887F0008AF4F /* AppDelegate.swift in Sources */ = {isa = PBXBuildFile; fileRef = FE37CEDA1D18887F0008AF4F /* AppDelegate.swift */; };
		FE37CEE01D18887F0008AF4F /* DrawViewController.swift in Sources */ = {isa = PBXBuildFile; fileRef = FE37CEDF1D18887F0008AF4F /* DrawViewController.swift */; };
		FE37CEE51D18887F0008AF4F /* Images.xcassets in Resources */ = {isa = PBXBuildFile; fileRef = FE37CEE41D18887F0008AF4F /* Images.xcassets */; };
		FE37CEE81D18887F0008AF4F /* LaunchScreen.xib in Resources */ = {isa = PBXBuildFile; fileRef = FE37CEE61D18887F0008AF4F /* LaunchScreen.xib */; };
		FE9E956A1D2800720081CDAF /* AddEditTrickTableViewController.swift in Sources */ = {isa = PBXBuildFile; fileRef = FE9E95691D2800720081CDAF /* AddEditTrickTableViewController.swift */; };
		FEC941641D21C73F008CB0D5 /* snow.xcdatamodeld in Sources */ = {isa = PBXBuildFile; fileRef = FEC941621D21C73F008CB0D5 /* snow.xcdatamodeld */; };
		FEC941661D259B38008CB0D5 /* MyTricksTableViewController.swift in Sources */ = {isa = PBXBuildFile; fileRef = FEC941651D259B38008CB0D5 /* MyTricksTableViewController.swift */; };
		FECC2FCA1D1D969F00AB2915 /* TrickDrawerTests.swift in Sources */ = {isa = PBXBuildFile; fileRef = FECC2FC91D1D969F00AB2915 /* TrickDrawerTests.swift */; };
		FECC2FD31D1D9A9B00AB2915 /* TrickDrawer.swift in Sources */ = {isa = PBXBuildFile; fileRef = FECC2FD21D1D9A9B00AB2915 /* TrickDrawer.swift */; };
		FECC2FD41D1D9BD600AB2915 /* TrickDrawer.swift in Sources */ = {isa = PBXBuildFile; fileRef = FECC2FD21D1D9A9B00AB2915 /* TrickDrawer.swift */; };
		FECC2FD71D200DA300AB2915 /* UIColor.swift in Sources */ = {isa = PBXBuildFile; fileRef = FECC2FD61D200DA300AB2915 /* UIColor.swift */; };
		FECC2FDA1D202DCD00AB2915 /* RandomUtil.swift in Sources */ = {isa = PBXBuildFile; fileRef = FECC2FD91D202DCD00AB2915 /* RandomUtil.swift */; };
		FECC2FE21D202E0D00AB2915 /* RandomUtilTests.swift in Sources */ = {isa = PBXBuildFile; fileRef = FECC2FE11D202E0D00AB2915 /* RandomUtilTests.swift */; };
		FECC2FE91D202E6E00AB2915 /* RandomUtil.swift in Sources */ = {isa = PBXBuildFile; fileRef = FECC2FD91D202DCD00AB2915 /* RandomUtil.swift */; };
		FECC2FEA1D20345300AB2915 /* RandomUtil.swift in Sources */ = {isa = PBXBuildFile; fileRef = FECC2FD91D202DCD00AB2915 /* RandomUtil.swift */; };
		FEFE11A61D301EDF000F4EAF /* TextFieldTableViewCell.swift in Sources */ = {isa = PBXBuildFile; fileRef = FEFE11A51D301EDF000F4EAF /* TextFieldTableViewCell.swift */; };
/* End PBXBuildFile section */

/* Begin PBXContainerItemProxy section */
		FECC2FCC1D1D969F00AB2915 /* PBXContainerItemProxy */ = {
			isa = PBXContainerItemProxy;
			containerPortal = FE37CECD1D18887F0008AF4F /* Project object */;
			proxyType = 1;
			remoteGlobalIDString = FE37CED41D18887F0008AF4F;
			remoteInfo = GameOfSnow;
		};
		FECC2FE41D202E0D00AB2915 /* PBXContainerItemProxy */ = {
			isa = PBXContainerItemProxy;
			containerPortal = FE37CECD1D18887F0008AF4F /* Project object */;
			proxyType = 1;
			remoteGlobalIDString = FE37CED41D18887F0008AF4F;
			remoteInfo = GameOfSnow;
		};
/* End PBXContainerItemProxy section */

/* Begin PBXFileReference section */
		FE37CED51D18887F0008AF4F /* GameOfSnow.app */ = {isa = PBXFileReference; explicitFileType = wrapper.application; includeInIndex = 0; path = GameOfSnow.app; sourceTree = BUILT_PRODUCTS_DIR; };
		FE37CED91D18887F0008AF4F /* Info.plist */ = {isa = PBXFileReference; lastKnownFileType = text.plist.xml; path = Info.plist; sourceTree = "<group>"; };
		FE37CEDA1D18887F0008AF4F /* AppDelegate.swift */ = {isa = PBXFileReference; lastKnownFileType = sourcecode.swift; path = AppDelegate.swift; sourceTree = "<group>"; };
		FE37CEDF1D18887F0008AF4F /* DrawViewController.swift */ = {isa = PBXFileReference; lastKnownFileType = sourcecode.swift; path = DrawViewController.swift; sourceTree = "<group>"; };
		FE37CEE41D18887F0008AF4F /* Images.xcassets */ = {isa = PBXFileReference; lastKnownFileType = folder.assetcatalog; path = Images.xcassets; sourceTree = "<group>"; };
		FE37CEE71D18887F0008AF4F /* Base */ = {isa = PBXFileReference; lastKnownFileType = file.xib; name = Base; path = Base.lproj/LaunchScreen.xib; sourceTree = "<group>"; };
		FE9E95691D2800720081CDAF /* AddEditTrickTableViewController.swift */ = {isa = PBXFileReference; fileEncoding = 4; lastKnownFileType = sourcecode.swift; path = AddEditTrickTableViewController.swift; sourceTree = "<group>"; };
		FEC941631D21C73F008CB0D5 /* snow.xcdatamodel */ = {isa = PBXFileReference; lastKnownFileType = wrapper.xcdatamodel; path = snow.xcdatamodel; sourceTree = "<group>"; };
		FEC941651D259B38008CB0D5 /* MyTricksTableViewController.swift */ = {isa = PBXFileReference; fileEncoding = 4; lastKnownFileType = sourcecode.swift; path = MyTricksTableViewController.swift; sourceTree = "<group>"; };
		FECC2FC71D1D969F00AB2915 /* TrickDrawerTests.xctest */ = {isa = PBXFileReference; explicitFileType = wrapper.cfbundle; includeInIndex = 0; path = TrickDrawerTests.xctest; sourceTree = BUILT_PRODUCTS_DIR; };
		FECC2FC91D1D969F00AB2915 /* TrickDrawerTests.swift */ = {isa = PBXFileReference; lastKnownFileType = sourcecode.swift; name = TrickDrawerTests.swift; path = TrickDrawerTests/TrickDrawerTests.swift; sourceTree = "<group>"; };
		FECC2FCB1D1D969F00AB2915 /* Info.plist */ = {isa = PBXFileReference; lastKnownFileType = text.plist.xml; name = Info.plist; path = TrickDrawerTests/Info.plist; sourceTree = "<group>"; };
		FECC2FD21D1D9A9B00AB2915 /* TrickDrawer.swift */ = {isa = PBXFileReference; fileEncoding = 4; lastKnownFileType = sourcecode.swift; name = TrickDrawer.swift; path = TrickDrawer/TrickDrawer.swift; sourceTree = "<group>"; };
		FECC2FD61D200DA300AB2915 /* UIColor.swift */ = {isa = PBXFileReference; fileEncoding = 4; lastKnownFileType = sourcecode.swift; path = UIColor.swift; sourceTree = "<group>"; };
		FECC2FD91D202DCD00AB2915 /* RandomUtil.swift */ = {isa = PBXFileReference; fileEncoding = 4; lastKnownFileType = sourcecode.swift; path = RandomUtil.swift; sourceTree = "<group>"; };
		FECC2FDF1D202E0D00AB2915 /* RandomUtilTests.xctest */ = {isa = PBXFileReference; explicitFileType = wrapper.cfbundle; includeInIndex = 0; path = RandomUtilTests.xctest; sourceTree = BUILT_PRODUCTS_DIR; };
		FECC2FE11D202E0D00AB2915 /* RandomUtilTests.swift */ = {isa = PBXFileReference; lastKnownFileType = sourcecode.swift; name = RandomUtilTests.swift; path = RandomUtilTests/RandomUtilTests.swift; sourceTree = "<group>"; };
		FECC2FE31D202E0D00AB2915 /* Info.plist */ = {isa = PBXFileReference; lastKnownFileType = text.plist.xml; name = Info.plist; path = RandomUtilTests/Info.plist; sourceTree = "<group>"; };
		FEFE11A51D301EDF000F4EAF /* TextFieldTableViewCell.swift */ = {isa = PBXFileReference; fileEncoding = 4; lastKnownFileType = sourcecode.swift; path = TextFieldTableViewCell.swift; sourceTree = "<group>"; };
/* End PBXFileReference section */

/* Begin PBXFrameworksBuildPhase section */
		FE37CED21D18887F0008AF4F /* Frameworks */ = {
			isa = PBXFrameworksBuildPhase;
			buildActionMask = 2147483647;
			files = (
			);
			runOnlyForDeploymentPostprocessing = 0;
		};
		FECC2FC41D1D969F00AB2915 /* Frameworks */ = {
			isa = PBXFrameworksBuildPhase;
			buildActionMask = 2147483647;
			files = (
			);
			runOnlyForDeploymentPostprocessing = 0;
		};
		FECC2FDC1D202E0D00AB2915 /* Frameworks */ = {
			isa = PBXFrameworksBuildPhase;
			buildActionMask = 2147483647;
			files = (
			);
			runOnlyForDeploymentPostprocessing = 0;
		};
/* End PBXFrameworksBuildPhase section */

/* Begin PBXGroup section */
		FE37CECC1D18887F0008AF4F = {
			isa = PBXGroup;
			children = (
				FECC2FD81D202DA400AB2915 /* Utils */,
				FECC2FD51D200D8400AB2915 /* Extensions */,
				FECC2FD11D1D9A5300AB2915 /* TrickDrawer */,
				FE37CED71D18887F0008AF4F /* Views */,
				FE37CED61D18887F0008AF4F /* Products */,
			);
			sourceTree = "<group>";
		};
		FE37CED61D18887F0008AF4F /* Products */ = {
			isa = PBXGroup;
			children = (
				FE37CED51D18887F0008AF4F /* GameOfSnow.app */,
				FECC2FC71D1D969F00AB2915 /* TrickDrawerTests.xctest */,
				FECC2FDF1D202E0D00AB2915 /* RandomUtilTests.xctest */,
			);
			name = Products;
			sourceTree = "<group>";
		};
		FE37CED71D18887F0008AF4F /* Views */ = {
			isa = PBXGroup;
			children = (
				FEFE11A01D301C8E000F4EAF /* Cells */,
				FEC941621D21C73F008CB0D5 /* snow.xcdatamodeld */,
				FE37CEDA1D18887F0008AF4F /* AppDelegate.swift */,
				FE37CEDF1D18887F0008AF4F /* DrawViewController.swift */,
				FE37CEE41D18887F0008AF4F /* Images.xcassets */,
				FE37CEE61D18887F0008AF4F /* LaunchScreen.xib */,
				FE37CED81D18887F0008AF4F /* Supporting Files */,
				FEC941651D259B38008CB0D5 /* MyTricksTableViewController.swift */,
				FE9E95691D2800720081CDAF /* AddEditTrickTableViewController.swift */,
			);
			name = Views;
			path = snow;
			sourceTree = "<group>";
		};
		FE37CED81D18887F0008AF4F /* Supporting Files */ = {
			isa = PBXGroup;
			children = (
				FE37CED91D18887F0008AF4F /* Info.plist */,
			);
			name = "Supporting Files";
			sourceTree = "<group>";
		};
		FECC2FD11D1D9A5300AB2915 /* TrickDrawer */ = {
			isa = PBXGroup;
			children = (
				FECC2FC91D1D969F00AB2915 /* TrickDrawerTests.swift */,
				FECC2FCB1D1D969F00AB2915 /* Info.plist */,
				FECC2FD21D1D9A9B00AB2915 /* TrickDrawer.swift */,
			);
			name = TrickDrawer;
			sourceTree = "<group>";
		};
		FECC2FD51D200D8400AB2915 /* Extensions */ = {
			isa = PBXGroup;
			children = (
				FECC2FD61D200DA300AB2915 /* UIColor.swift */,
			);
			name = Extensions;
			sourceTree = "<group>";
		};
		FECC2FD81D202DA400AB2915 /* Utils */ = {
			isa = PBXGroup;
			children = (
				FECC2FD91D202DCD00AB2915 /* RandomUtil.swift */,
				FECC2FE11D202E0D00AB2915 /* RandomUtilTests.swift */,
				FECC2FE31D202E0D00AB2915 /* Info.plist */,
			);
			name = Utils;
			sourceTree = "<group>";
		};
		FEFE11A01D301C8E000F4EAF /* Cells */ = {
			isa = PBXGroup;
			children = (
				FEFE11A51D301EDF000F4EAF /* TextFieldTableViewCell.swift */,
			);
			name = Cells;
			sourceTree = "<group>";
		};
/* End PBXGroup section */

/* Begin PBXNativeTarget section */
		FE37CED41D18887F0008AF4F /* GameOfSnow */ = {
			isa = PBXNativeTarget;
			buildConfigurationList = FE37CEF71D18887F0008AF4F /* Build configuration list for PBXNativeTarget "GameOfSnow" */;
			buildPhases = (
				FE37CED11D18887F0008AF4F /* Sources */,
				FE37CED21D18887F0008AF4F /* Frameworks */,
				FE37CED31D18887F0008AF4F /* Resources */,
			);
			buildRules = (
			);
			dependencies = (
			);
			name = GameOfSnow;
			productName = snow;
			productReference = FE37CED51D18887F0008AF4F /* GameOfSnow.app */;
			productType = "com.apple.product-type.application";
		};
		FECC2FC61D1D969F00AB2915 /* TrickDrawerTests */ = {
			isa = PBXNativeTarget;
			buildConfigurationList = FECC2FCE1D1D969F00AB2915 /* Build configuration list for PBXNativeTarget "TrickDrawerTests" */;
			buildPhases = (
				FECC2FC31D1D969F00AB2915 /* Sources */,
				FECC2FC41D1D969F00AB2915 /* Frameworks */,
				FECC2FC51D1D969F00AB2915 /* Resources */,
			);
			buildRules = (
			);
			dependencies = (
				FECC2FCD1D1D969F00AB2915 /* PBXTargetDependency */,
			);
			name = TrickDrawerTests;
			productName = TrickDrawerTests;
			productReference = FECC2FC71D1D969F00AB2915 /* TrickDrawerTests.xctest */;
			productType = "com.apple.product-type.bundle.unit-test";
		};
		FECC2FDE1D202E0D00AB2915 /* RandomUtilTests */ = {
			isa = PBXNativeTarget;
			buildConfigurationList = FECC2FE61D202E0D00AB2915 /* Build configuration list for PBXNativeTarget "RandomUtilTests" */;
			buildPhases = (
				FECC2FDB1D202E0D00AB2915 /* Sources */,
				FECC2FDC1D202E0D00AB2915 /* Frameworks */,
				FECC2FDD1D202E0D00AB2915 /* Resources */,
			);
			buildRules = (
			);
			dependencies = (
				FECC2FE51D202E0D00AB2915 /* PBXTargetDependency */,
			);
			name = RandomUtilTests;
			productName = RandomUtilTests;
			productReference = FECC2FDF1D202E0D00AB2915 /* RandomUtilTests.xctest */;
			productType = "com.apple.product-type.bundle.unit-test";
		};
/* End PBXNativeTarget section */

/* Begin PBXProject section */
		FE37CECD1D18887F0008AF4F /* Project object */ = {
			isa = PBXProject;
			attributes = {
				LastSwiftUpdateCheck = 0730;
				LastUpgradeCheck = 0730;
				ORGANIZATIONNAME = martinmoser;
				TargetAttributes = {
					FE37CED41D18887F0008AF4F = {
						CreatedOnToolsVersion = 6.3;
						DevelopmentTeam = 2QK6V728H8;
					};
					FECC2FC61D1D969F00AB2915 = {
						CreatedOnToolsVersion = 7.3.1;
						TestTargetID = FE37CED41D18887F0008AF4F;
					};
					FECC2FDE1D202E0D00AB2915 = {
						CreatedOnToolsVersion = 7.3.1;
						TestTargetID = FE37CED41D18887F0008AF4F;
					};
				};
			};
			buildConfigurationList = FE37CED01D18887F0008AF4F /* Build configuration list for PBXProject "GameOfSnow" */;
			compatibilityVersion = "Xcode 3.2";
			developmentRegion = English;
			hasScannedForEncodings = 0;
			knownRegions = (
				en,
				Base,
			);
			mainGroup = FE37CECC1D18887F0008AF4F;
			productRefGroup = FE37CED61D18887F0008AF4F /* Products */;
			projectDirPath = "";
			projectRoot = "";
			targets = (
				FE37CED41D18887F0008AF4F /* GameOfSnow */,
				FECC2FC61D1D969F00AB2915 /* TrickDrawerTests */,
				FECC2FDE1D202E0D00AB2915 /* RandomUtilTests */,
			);
		};
/* End PBXProject section */

/* Begin PBXResourcesBuildPhase section */
		FE37CED31D18887F0008AF4F /* Resources */ = {
			isa = PBXResourcesBuildPhase;
			buildActionMask = 2147483647;
			files = (
				FE37CEE81D18887F0008AF4F /* LaunchScreen.xib in Resources */,
				FE37CEE51D18887F0008AF4F /* Images.xcassets in Resources */,
			);
			runOnlyForDeploymentPostprocessing = 0;
		};
		FECC2FC51D1D969F00AB2915 /* Resources */ = {
			isa = PBXResourcesBuildPhase;
			buildActionMask = 2147483647;
			files = (
			);
			runOnlyForDeploymentPostprocessing = 0;
		};
		FECC2FDD1D202E0D00AB2915 /* Resources */ = {
			isa = PBXResourcesBuildPhase;
			buildActionMask = 2147483647;
			files = (
			);
			runOnlyForDeploymentPostprocessing = 0;
		};
/* End PBXResourcesBuildPhase section */

/* Begin PBXSourcesBuildPhase section */
		FE37CED11D18887F0008AF4F /* Sources */ = {
			isa = PBXSourcesBuildPhase;
			buildActionMask = 2147483647;
			files = (
				FEC941661D259B38008CB0D5 /* MyTricksTableViewController.swift in Sources */,
				FEC941641D21C73F008CB0D5 /* snow.xcdatamodeld in Sources */,
				FECC2FDA1D202DCD00AB2915 /* RandomUtil.swift in Sources */,
				FE9E956A1D2800720081CDAF /* AddEditTrickTableViewController.swift in Sources */,
				FE37CEE01D18887F0008AF4F /* DrawViewController.swift in Sources */,
				FECC2FD31D1D9A9B00AB2915 /* TrickDrawer.swift in Sources */,
				FEFE11A61D301EDF000F4EAF /* TextFieldTableViewCell.swift in Sources */,
				FE37CEDB1D18887F0008AF4F /* AppDelegate.swift in Sources */,
				FECC2FD71D200DA300AB2915 /* UIColor.swift in Sources */,
			);
			runOnlyForDeploymentPostprocessing = 0;
		};
		FECC2FC31D1D969F00AB2915 /* Sources */ = {
			isa = PBXSourcesBuildPhase;
			buildActionMask = 2147483647;
			files = (
				FECC2FEA1D20345300AB2915 /* RandomUtil.swift in Sources */,
				FECC2FD41D1D9BD600AB2915 /* TrickDrawer.swift in Sources */,
				FECC2FCA1D1D969F00AB2915 /* TrickDrawerTests.swift in Sources */,
			);
			runOnlyForDeploymentPostprocessing = 0;
		};
		FECC2FDB1D202E0D00AB2915 /* Sources */ = {
			isa = PBXSourcesBuildPhase;
			buildActionMask = 2147483647;
			files = (
				FECC2FE91D202E6E00AB2915 /* RandomUtil.swift in Sources */,
				FECC2FE21D202E0D00AB2915 /* RandomUtilTests.swift in Sources */,
			);
			runOnlyForDeploymentPostprocessing = 0;
		};
/* End PBXSourcesBuildPhase section */

/* Begin PBXTargetDependency section */
		FECC2FCD1D1D969F00AB2915 /* PBXTargetDependency */ = {
			isa = PBXTargetDependency;
			target = FE37CED41D18887F0008AF4F /* GameOfSnow */;
			targetProxy = FECC2FCC1D1D969F00AB2915 /* PBXContainerItemProxy */;
		};
		FECC2FE51D202E0D00AB2915 /* PBXTargetDependency */ = {
			isa = PBXTargetDependency;
			target = FE37CED41D18887F0008AF4F /* GameOfSnow */;
			targetProxy = FECC2FE41D202E0D00AB2915 /* PBXContainerItemProxy */;
		};
/* End PBXTargetDependency section */

/* Begin PBXVariantGroup section */
		FE37CEE61D18887F0008AF4F /* LaunchScreen.xib */ = {
			isa = PBXVariantGroup;
			children = (
				FE37CEE71D18887F0008AF4F /* Base */,
			);
			name = LaunchScreen.xib;
			sourceTree = "<group>";
		};
/* End PBXVariantGroup section */

/* Begin XCBuildConfiguration section */
		FE37CEF51D18887F0008AF4F /* Debug */ = {
			isa = XCBuildConfiguration;
			buildSettings = {
				ALWAYS_SEARCH_USER_PATHS = NO;
				CLANG_CXX_LANGUAGE_STANDARD = "gnu++0x";
				CLANG_CXX_LIBRARY = "libc++";
				CLANG_ENABLE_MODULES = YES;
				CLANG_ENABLE_OBJC_ARC = YES;
				CLANG_WARN_BOOL_CONVERSION = YES;
				CLANG_WARN_CONSTANT_CONVERSION = YES;
				CLANG_WARN_DIRECT_OBJC_ISA_USAGE = YES_ERROR;
				CLANG_WARN_EMPTY_BODY = YES;
				CLANG_WARN_ENUM_CONVERSION = YES;
				CLANG_WARN_INT_CONVERSION = YES;
				CLANG_WARN_OBJC_ROOT_CLASS = YES_ERROR;
				CLANG_WARN_UNREACHABLE_CODE = YES;
				CLANG_WARN__DUPLICATE_METHOD_MATCH = YES;
				"CODE_SIGN_IDENTITY[sdk=iphoneos*]" = "iPhone Developer";
				COPY_PHASE_STRIP = NO;
				DEBUG_INFORMATION_FORMAT = "dwarf-with-dsym";
				ENABLE_STRICT_OBJC_MSGSEND = YES;
				ENABLE_TESTABILITY = YES;
				GCC_C_LANGUAGE_STANDARD = gnu99;
				GCC_DYNAMIC_NO_PIC = NO;
				GCC_NO_COMMON_BLOCKS = YES;
				GCC_OPTIMIZATION_LEVEL = 0;
				GCC_PREPROCESSOR_DEFINITIONS = (
					"DEBUG=1",
					"$(inherited)",
				);
				GCC_SYMBOLS_PRIVATE_EXTERN = NO;
				GCC_WARN_64_TO_32_BIT_CONVERSION = YES;
				GCC_WARN_ABOUT_RETURN_TYPE = YES_ERROR;
				GCC_WARN_UNDECLARED_SELECTOR = YES;
				GCC_WARN_UNINITIALIZED_AUTOS = YES_AGGRESSIVE;
				GCC_WARN_UNUSED_FUNCTION = YES;
				GCC_WARN_UNUSED_VARIABLE = YES;
				IPHONEOS_DEPLOYMENT_TARGET = 8.3;
				MTL_ENABLE_DEBUG_INFO = YES;
				ONLY_ACTIVE_ARCH = YES;
				SDKROOT = iphoneos;
				SWIFT_OPTIMIZATION_LEVEL = "-Onone";
			};
			name = Debug;
		};
		FE37CEF61D18887F0008AF4F /* Release */ = {
			isa = XCBuildConfiguration;
			buildSettings = {
				ALWAYS_SEARCH_USER_PATHS = NO;
				CLANG_CXX_LANGUAGE_STANDARD = "gnu++0x";
				CLANG_CXX_LIBRARY = "libc++";
				CLANG_ENABLE_MODULES = YES;
				CLANG_ENABLE_OBJC_ARC = YES;
				CLANG_WARN_BOOL_CONVERSION = YES;
				CLANG_WARN_CONSTANT_CONVERSION = YES;
				CLANG_WARN_DIRECT_OBJC_ISA_USAGE = YES_ERROR;
				CLANG_WARN_EMPTY_BODY = YES;
				CLANG_WARN_ENUM_CONVERSION = YES;
				CLANG_WARN_INT_CONVERSION = YES;
				CLANG_WARN_OBJC_ROOT_CLASS = YES_ERROR;
				CLANG_WARN_UNREACHABLE_CODE = YES;
				CLANG_WARN__DUPLICATE_METHOD_MATCH = YES;
				"CODE_SIGN_IDENTITY[sdk=iphoneos*]" = "iPhone Developer";
				COPY_PHASE_STRIP = NO;
				DEBUG_INFORMATION_FORMAT = "dwarf-with-dsym";
				ENABLE_NS_ASSERTIONS = NO;
				ENABLE_STRICT_OBJC_MSGSEND = YES;
				GCC_C_LANGUAGE_STANDARD = gnu99;
				GCC_NO_COMMON_BLOCKS = YES;
				GCC_WARN_64_TO_32_BIT_CONVERSION = YES;
				GCC_WARN_ABOUT_RETURN_TYPE = YES_ERROR;
				GCC_WARN_UNDECLARED_SELECTOR = YES;
				GCC_WARN_UNINITIALIZED_AUTOS = YES_AGGRESSIVE;
				GCC_WARN_UNUSED_FUNCTION = YES;
				GCC_WARN_UNUSED_VARIABLE = YES;
				IPHONEOS_DEPLOYMENT_TARGET = 8.3;
				MTL_ENABLE_DEBUG_INFO = NO;
				SDKROOT = iphoneos;
				VALIDATE_PRODUCT = YES;
			};
			name = Release;
		};
		FE37CEF81D18887F0008AF4F /* Debug */ = {
			isa = XCBuildConfiguration;
			buildSettings = {
				ASSETCATALOG_COMPILER_APPICON_NAME = AppIcon;
				CODE_SIGN_IDENTITY = "iPhone Developer";
				"CODE_SIGN_IDENTITY[sdk=iphoneos*]" = "iPhone Developer";
				INFOPLIST_FILE = snow/Info.plist;
				IPHONEOS_DEPLOYMENT_TARGET = 8.3;
				LD_RUNPATH_SEARCH_PATHS = "$(inherited) @executable_path/Frameworks";
				PRODUCT_BUNDLE_IDENTIFIER = ch.martinmoser.gameofsnow;
				PRODUCT_NAME = GameOfSnow;
				PROVISIONING_PROFILE = "";
			};
			name = Debug;
		};
		FE37CEF91D18887F0008AF4F /* Release */ = {
			isa = XCBuildConfiguration;
			buildSettings = {
				ASSETCATALOG_COMPILER_APPICON_NAME = AppIcon;
				CODE_SIGN_IDENTITY = "iPhone Developer";
				"CODE_SIGN_IDENTITY[sdk=iphoneos*]" = "iPhone Developer";
				INFOPLIST_FILE = snow/Info.plist;
				IPHONEOS_DEPLOYMENT_TARGET = 8.3;
				LD_RUNPATH_SEARCH_PATHS = "$(inherited) @executable_path/Frameworks";
				PRODUCT_BUNDLE_IDENTIFIER = ch.martinmoser.gameofsnow;
				PRODUCT_NAME = GameOfSnow;
				PROVISIONING_PROFILE = "";
			};
			name = Release;
		};
		FECC2FCF1D1D969F00AB2915 /* Debug */ = {
			isa = XCBuildConfiguration;
			buildSettings = {
				BUNDLE_LOADER = "$(TEST_HOST)";
				CLANG_ANALYZER_NONNULL = YES;
				DEBUG_INFORMATION_FORMAT = dwarf;
				INFOPLIST_FILE = TrickDrawerTests/Info.plist;
				IPHONEOS_DEPLOYMENT_TARGET = 9.3;
				LD_RUNPATH_SEARCH_PATHS = "$(inherited) @executable_path/Frameworks @loader_path/Frameworks";
				PRODUCT_BUNDLE_IDENTIFIER = ch.martinmoser.TrickDrawerTests;
				PRODUCT_NAME = "$(TARGET_NAME)";
				TEST_HOST = "$(BUILT_PRODUCTS_DIR)/GameOfSnow.app/GameOfSnow";
			};
			name = Debug;
		};
		FECC2FD01D1D969F00AB2915 /* Release */ = {
			isa = XCBuildConfiguration;
			buildSettings = {
				BUNDLE_LOADER = "$(TEST_HOST)";
				CLANG_ANALYZER_NONNULL = YES;
				INFOPLIST_FILE = TrickDrawerTests/Info.plist;
				IPHONEOS_DEPLOYMENT_TARGET = 9.3;
				LD_RUNPATH_SEARCH_PATHS = "$(inherited) @executable_path/Frameworks @loader_path/Frameworks";
				PRODUCT_BUNDLE_IDENTIFIER = ch.martinmoser.TrickDrawerTests;
				PRODUCT_NAME = "$(TARGET_NAME)";
				TEST_HOST = "$(BUILT_PRODUCTS_DIR)/GameOfSnow.app/GameOfSnow";
			};
			name = Release;
		};
		FECC2FE71D202E0D00AB2915 /* Debug */ = {
			isa = XCBuildConfiguration;
			buildSettings = {
				BUNDLE_LOADER = "$(TEST_HOST)";
				CLANG_ANALYZER_NONNULL = YES;
				DEBUG_INFORMATION_FORMAT = dwarf;
				INFOPLIST_FILE = RandomUtilTests/Info.plist;
				IPHONEOS_DEPLOYMENT_TARGET = 9.3;
				LD_RUNPATH_SEARCH_PATHS = "$(inherited) @executable_path/Frameworks @loader_path/Frameworks";
				PRODUCT_BUNDLE_IDENTIFIER = ch.martinmoser.RandomUtilTests;
				PRODUCT_NAME = "$(TARGET_NAME)";
				TEST_HOST = "$(BUILT_PRODUCTS_DIR)/GameOfSnow.app/GameOfSnow";
			};
			name = Debug;
		};
		FECC2FE81D202E0D00AB2915 /* Release */ = {
			isa = XCBuildConfiguration;
			buildSettings = {
				BUNDLE_LOADER = "$(TEST_HOST)";
				CLANG_ANALYZER_NONNULL = YES;
				INFOPLIST_FILE = RandomUtilTests/Info.plist;
				IPHONEOS_DEPLOYMENT_TARGET = 9.3;
				LD_RUNPATH_SEARCH_PATHS = "$(inherited) @executable_path/Frameworks @loader_path/Frameworks";
				PRODUCT_BUNDLE_IDENTIFIER = ch.martinmoser.RandomUtilTests;
				PRODUCT_NAME = "$(TARGET_NAME)";
				TEST_HOST = "$(BUILT_PRODUCTS_DIR)/GameOfSnow.app/GameOfSnow";
			};
			name = Release;
		};
/* End XCBuildConfiguration section */

/* Begin XCConfigurationList section */
		FE37CED01D18887F0008AF4F /* Build configuration list for PBXProject "GameOfSnow" */ = {
			isa = XCConfigurationList;
			buildConfigurations = (
				FE37CEF51D18887F0008AF4F /* Debug */,
				FE37CEF61D18887F0008AF4F /* Release */,
			);
			defaultConfigurationIsVisible = 0;
			defaultConfigurationName = Release;
		};
		FE37CEF71D18887F0008AF4F /* Build configuration list for PBXNativeTarget "GameOfSnow" */ = {
			isa = XCConfigurationList;
			buildConfigurations = (
				FE37CEF81D18887F0008AF4F /* Debug */,
				FE37CEF91D18887F0008AF4F /* Release */,
			);
			defaultConfigurationIsVisible = 0;
			defaultConfigurationName = Release;
		};
		FECC2FCE1D1D969F00AB2915 /* Build configuration list for PBXNativeTarget "TrickDrawerTests" */ = {
			isa = XCConfigurationList;
			buildConfigurations = (
				FECC2FCF1D1D969F00AB2915 /* Debug */,
				FECC2FD01D1D969F00AB2915 /* Release */,
			);
			defaultConfigurationIsVisible = 0;
			defaultConfigurationName = Release;
		};
		FECC2FE61D202E0D00AB2915 /* Build configuration list for PBXNativeTarget "RandomUtilTests" */ = {
			isa = XCConfigurationList;
			buildConfigurations = (
				FECC2FE71D202E0D00AB2915 /* Debug */,
				FECC2FE81D202E0D00AB2915 /* Release */,
			);
			defaultConfigurationIsVisible = 0;
			defaultConfigurationName = Release;
		};
/* End XCConfigurationList section */

/* Begin XCVersionGroup section */
		FEC941621D21C73F008CB0D5 /* snow.xcdatamodeld */ = {
			isa = XCVersionGroup;
			children = (
				FEC941631D21C73F008CB0D5 /* snow.xcdatamodel */,
			);
			currentVersion = FEC941631D21C73F008CB0D5 /* snow.xcdatamodel */;
			path = snow.xcdatamodeld;
			sourceTree = "<group>";
			versionGroupType = wrapper.xcdatamodel;
		};
/* End XCVersionGroup section */
	};
	rootObject = FE37CECD1D18887F0008AF4F /* Project object */;
}
