// !$*UTF8*$!
{
	archiveVersion = 1;
	classes = {
	};
	objectVersion = 46;
	objects = {

/* Begin PBXBuildFile section */
		FE37CEDB1D18887F0008AF4F /* AppDelegate.swift in Sources */ = {isa = PBXBuildFile; fileRef = FE37CEDA1D18887F0008AF4F /* AppDelegate.swift */; };
		FE37CEDE1D18887F0008AF4F /* snow.xcdatamodeld in Sources */ = {isa = PBXBuildFile; fileRef = FE37CEDC1D18887F0008AF4F /* snow.xcdatamodeld */; };
		FE37CEE01D18887F0008AF4F /* ViewController.swift in Sources */ = {isa = PBXBuildFile; fileRef = FE37CEDF1D18887F0008AF4F /* ViewController.swift */; };
		FE37CEE51D18887F0008AF4F /* Images.xcassets in Resources */ = {isa = PBXBuildFile; fileRef = FE37CEE41D18887F0008AF4F /* Images.xcassets */; };
		FE37CEE81D18887F0008AF4F /* LaunchScreen.xib in Resources */ = {isa = PBXBuildFile; fileRef = FE37CEE61D18887F0008AF4F /* LaunchScreen.xib */; };
		FE37CEF41D18887F0008AF4F /* snowTests.swift in Sources */ = {isa = PBXBuildFile; fileRef = FE37CEF31D18887F0008AF4F /* snowTests.swift */; };
/* End PBXBuildFile section */

/* Begin PBXContainerItemProxy section */
		FE37CEEE1D18887F0008AF4F /* PBXContainerItemProxy */ = {
			isa = PBXContainerItemProxy;
			containerPortal = FE37CECD1D18887F0008AF4F /* Project object */;
			proxyType = 1;
			remoteGlobalIDString = FE37CED41D18887F0008AF4F;
			remoteInfo = snow;
		};
/* End PBXContainerItemProxy section */

/* Begin PBXFileReference section */
		FE37CED51D18887F0008AF4F /* snow.app */ = {isa = PBXFileReference; explicitFileType = wrapper.application; includeInIndex = 0; path = snow.app; sourceTree = BUILT_PRODUCTS_DIR; };
		FE37CED91D18887F0008AF4F /* Info.plist */ = {isa = PBXFileReference; lastKnownFileType = text.plist.xml; path = Info.plist; sourceTree = "<group>"; };
		FE37CEDA1D18887F0008AF4F /* AppDelegate.swift */ = {isa = PBXFileReference; lastKnownFileType = sourcecode.swift; path = AppDelegate.swift; sourceTree = "<group>"; };
		FE37CEDD1D18887F0008AF4F /* snow.xcdatamodel */ = {isa = PBXFileReference; lastKnownFileType = wrapper.xcdatamodel; path = snow.xcdatamodel; sourceTree = "<group>"; };
		FE37CEDF1D18887F0008AF4F /* ViewController.swift */ = {isa = PBXFileReference; lastKnownFileType = sourcecode.swift; path = ViewController.swift; sourceTree = "<group>"; };
		FE37CEE41D18887F0008AF4F /* Images.xcassets */ = {isa = PBXFileReference; lastKnownFileType = folder.assetcatalog; path = Images.xcassets; sourceTree = "<group>"; };
		FE37CEE71D18887F0008AF4F /* Base */ = {isa = PBXFileReference; lastKnownFileType = file.xib; name = Base; path = Base.lproj/LaunchScreen.xib; sourceTree = "<group>"; };
		FE37CEED1D18887F0008AF4F /* snowTests.xctest */ = {isa = PBXFileReference; explicitFileType = wrapper.cfbundle; includeInIndex = 0; path = snowTests.xctest; sourceTree = BUILT_PRODUCTS_DIR; };
		FE37CEF21D18887F0008AF4F /* Info.plist */ = {isa = PBXFileReference; lastKnownFileType = text.plist.xml; path = Info.plist; sourceTree = "<group>"; };
		FE37CEF31D18887F0008AF4F /* snowTests.swift */ = {isa = PBXFileReference; lastKnownFileType = sourcecode.swift; path = snowTests.swift; sourceTree = "<group>"; };
/* End PBXFileReference section */

/* Begin PBXFrameworksBuildPhase section */
		FE37CED21D18887F0008AF4F /* Frameworks */ = {
			isa = PBXFrameworksBuildPhase;
			buildActionMask = 2147483647;
			files = (
			);
			runOnlyForDeploymentPostprocessing = 0;
		};
		FE37CEEA1D18887F0008AF4F /* Frameworks */ = {
			isa = PBXFrameworksBuildPhase;
			buildActionMask = 2147483647;
			files = (
			);
			runOnlyForDeploymentPostprocessing = 0;
		};
/* End PBXFrameworksBuildPhase section */

/* Begin PBXGroup section */
		FE37CECC1D18887F0008AF4F = {
			isa = PBXGroup;
			children = (
				FE37CED71D18887F0008AF4F /* snow */,
				FE37CEF01D18887F0008AF4F /* snowTests */,
				FE37CED61D18887F0008AF4F /* Products */,
			);
			sourceTree = "<group>";
		};
		FE37CED61D18887F0008AF4F /* Products */ = {
			isa = PBXGroup;
			children = (
				FE37CED51D18887F0008AF4F /* snow.app */,
				FE37CEED1D18887F0008AF4F /* snowTests.xctest */,
			);
			name = Products;
			sourceTree = "<group>";
		};
		FE37CED71D18887F0008AF4F /* snow */ = {
			isa = PBXGroup;
			children = (
				FE37CEDA1D18887F0008AF4F /* AppDelegate.swift */,
				FE37CEDF1D18887F0008AF4F /* ViewController.swift */,
				FE37CEE41D18887F0008AF4F /* Images.xcassets */,
				FE37CEE61D18887F0008AF4F /* LaunchScreen.xib */,
				FE37CEDC1D18887F0008AF4F /* snow.xcdatamodeld */,
				FE37CED81D18887F0008AF4F /* Supporting Files */,
			);
			path = snow;
			sourceTree = "<group>";
		};
		FE37CED81D18887F0008AF4F /* Supporting Files */ = {
			isa = PBXGroup;
			children = (
				FE37CED91D18887F0008AF4F /* Info.plist */,
			);
			name = "Supporting Files";
			sourceTree = "<group>";
		};
		FE37CEF01D18887F0008AF4F /* snowTests */ = {
			isa = PBXGroup;
			children = (
				FE37CEF31D18887F0008AF4F /* snowTests.swift */,
				FE37CEF11D18887F0008AF4F /* Supporting Files */,
			);
			path = snowTests;
			sourceTree = "<group>";
		};
		FE37CEF11D18887F0008AF4F /* Supporting Files */ = {
			isa = PBXGroup;
			children = (
				FE37CEF21D18887F0008AF4F /* Info.plist */,
			);
			name = "Supporting Files";
			sourceTree = "<group>";
		};
/* End PBXGroup section */

/* Begin PBXNativeTarget section */
		FE37CED41D18887F0008AF4F /* snow */ = {
			isa = PBXNativeTarget;
			buildConfigurationList = FE37CEF71D18887F0008AF4F /* Build configuration list for PBXNativeTarget "snow" */;
			buildPhases = (
				FE37CED11D18887F0008AF4F /* Sources */,
				FE37CED21D18887F0008AF4F /* Frameworks */,
				FE37CED31D18887F0008AF4F /* Resources */,
			);
			buildRules = (
			);
			dependencies = (
			);
			name = snow;
			productName = snow;
			productReference = FE37CED51D18887F0008AF4F /* snow.app */;
			productType = "com.apple.product-type.application";
		};
		FE37CEEC1D18887F0008AF4F /* snowTests */ = {
			isa = PBXNativeTarget;
			buildConfigurationList = FE37CEFA1D18887F0008AF4F /* Build configuration list for PBXNativeTarget "snowTests" */;
			buildPhases = (
				FE37CEE91D18887F0008AF4F /* Sources */,
				FE37CEEA1D18887F0008AF4F /* Frameworks */,
				FE37CEEB1D18887F0008AF4F /* Resources */,
			);
			buildRules = (
			);
			dependencies = (
				FE37CEEF1D18887F0008AF4F /* PBXTargetDependency */,
			);
			name = snowTests;
			productName = snowTests;
			productReference = FE37CEED1D18887F0008AF4F /* snowTests.xctest */;
			productType = "com.apple.product-type.bundle.unit-test";
		};
/* End PBXNativeTarget section */

/* Begin PBXProject section */
		FE37CECD1D18887F0008AF4F /* Project object */ = {
			isa = PBXProject;
			attributes = {
				LastUpgradeCheck = 0630;
				ORGANIZATIONNAME = martinmoser;
				TargetAttributes = {
					FE37CED41D18887F0008AF4F = {
						CreatedOnToolsVersion = 6.3;
					};
					FE37CEEC1D18887F0008AF4F = {
						CreatedOnToolsVersion = 6.3;
						TestTargetID = FE37CED41D18887F0008AF4F;
					};
				};
			};
			buildConfigurationList = FE37CED01D18887F0008AF4F /* Build configuration list for PBXProject "snow" */;
			compatibilityVersion = "Xcode 3.2";
			developmentRegion = English;
			hasScannedForEncodings = 0;
			knownRegions = (
				en,
				Base,
			);
			mainGroup = FE37CECC1D18887F0008AF4F;
			productRefGroup = FE37CED61D18887F0008AF4F /* Products */;
			projectDirPath = "";
			projectRoot = "";
			targets = (
				FE37CED41D18887F0008AF4F /* snow */,
				FE37CEEC1D18887F0008AF4F /* snowTests */,
			);
		};
/* End PBXProject section */

/* Begin PBXResourcesBuildPhase section */
		FE37CED31D18887F0008AF4F /* Resources */ = {
			isa = PBXResourcesBuildPhase;
			buildActionMask = 2147483647;
			files = (
				FE37CEE81D18887F0008AF4F /* LaunchScreen.xib in Resources */,
				FE37CEE51D18887F0008AF4F /* Images.xcassets in Resources */,
			);
			runOnlyForDeploymentPostprocessing = 0;
		};
		FE37CEEB1D18887F0008AF4F /* Resources */ = {
			isa = PBXResourcesBuildPhase;
			buildActionMask = 2147483647;
			files = (
			);
			runOnlyForDeploymentPostprocessing = 0;
		};
/* End PBXResourcesBuildPhase section */

/* Begin PBXSourcesBuildPhase section */
		FE37CED11D18887F0008AF4F /* Sources */ = {
			isa = PBXSourcesBuildPhase;
			buildActionMask = 2147483647;
			files = (
				FE37CEE01D18887F0008AF4F /* ViewController.swift in Sources */,
				FE37CEDE1D18887F0008AF4F /* snow.xcdatamodeld in Sources */,
				FE37CEDB1D18887F0008AF4F /* AppDelegate.swift in Sources */,
			);
			runOnlyForDeploymentPostprocessing = 0;
		};
		FE37CEE91D18887F0008AF4F /* Sources */ = {
			isa = PBXSourcesBuildPhase;
			buildActionMask = 2147483647;
			files = (
				FE37CEF41D18887F0008AF4F /* snowTests.swift in Sources */,
			);
			runOnlyForDeploymentPostprocessing = 0;
		};
/* End PBXSourcesBuildPhase section */

/* Begin PBXTargetDependency section */
		FE37CEEF1D18887F0008AF4F /* PBXTargetDependency */ = {
			isa = PBXTargetDependency;
			target = FE37CED41D18887F0008AF4F /* snow */;
			targetProxy = FE37CEEE1D18887F0008AF4F /* PBXContainerItemProxy */;
		};
/* End PBXTargetDependency section */

/* Begin PBXVariantGroup section */
		FE37CEE61D18887F0008AF4F /* LaunchScreen.xib */ = {
			isa = PBXVariantGroup;
			children = (
				FE37CEE71D18887F0008AF4F /* Base */,
			);
			name = LaunchScreen.xib;
			sourceTree = "<group>";
		};
/* End PBXVariantGroup section */

/* Begin XCBuildConfiguration section */
		FE37CEF51D18887F0008AF4F /* Debug */ = {
			isa = XCBuildConfiguration;
			buildSettings = {
				ALWAYS_SEARCH_USER_PATHS = NO;
				CLANG_CXX_LANGUAGE_STANDARD = "gnu++0x";
				CLANG_CXX_LIBRARY = "libc++";
				CLANG_ENABLE_MODULES = YES;
				CLANG_ENABLE_OBJC_ARC = YES;
				CLANG_WARN_BOOL_CONVERSION = YES;
				CLANG_WARN_CONSTANT_CONVERSION = YES;
				CLANG_WARN_DIRECT_OBJC_ISA_USAGE = YES_ERROR;
				CLANG_WARN_EMPTY_BODY = YES;
				CLANG_WARN_ENUM_CONVERSION = YES;
				CLANG_WARN_INT_CONVERSION = YES;
				CLANG_WARN_OBJC_ROOT_CLASS = YES_ERROR;
				CLANG_WARN_UNREACHABLE_CODE = YES;
				CLANG_WARN__DUPLICATE_METHOD_MATCH = YES;
				"CODE_SIGN_IDENTITY[sdk=iphoneos*]" = "iPhone Developer";
				COPY_PHASE_STRIP = NO;
				DEBUG_INFORMATION_FORMAT = "dwarf-with-dsym";
				ENABLE_STRICT_OBJC_MSGSEND = YES;
				GCC_C_LANGUAGE_STANDARD = gnu99;
				GCC_DYNAMIC_NO_PIC = NO;
				GCC_NO_COMMON_BLOCKS = YES;
				GCC_OPTIMIZATION_LEVEL = 0;
				GCC_PREPROCESSOR_DEFINITIONS = (
					"DEBUG=1",
					"$(inherited)",
				);
				GCC_SYMBOLS_PRIVATE_EXTERN = NO;
				GCC_WARN_64_TO_32_BIT_CONVERSION = YES;
				GCC_WARN_ABOUT_RETURN_TYPE = YES_ERROR;
				GCC_WARN_UNDECLARED_SELECTOR = YES;
				GCC_WARN_UNINITIALIZED_AUTOS = YES_AGGRESSIVE;
				GCC_WARN_UNUSED_FUNCTION = YES;
				GCC_WARN_UNUSED_VARIABLE = YES;
				IPHONEOS_DEPLOYMENT_TARGET = 8.3;
				MTL_ENABLE_DEBUG_INFO = YES;
				ONLY_ACTIVE_ARCH = YES;
				SDKROOT = iphoneos;
				SWIFT_OPTIMIZATION_LEVEL = "-Onone";
			};
			name = Debug;
		};
		FE37CEF61D18887F0008AF4F /* Release */ = {
			isa = XCBuildConfiguration;
			buildSettings = {
				ALWAYS_SEARCH_USER_PATHS = NO;
				CLANG_CXX_LANGUAGE_STANDARD = "gnu++0x";
				CLANG_CXX_LIBRARY = "libc++";
				CLANG_ENABLE_MODULES = YES;
				CLANG_ENABLE_OBJC_ARC = YES;
				CLANG_WARN_BOOL_CONVERSION = YES;
				CLANG_WARN_CONSTANT_CONVERSION = YES;
				CLANG_WARN_DIRECT_OBJC_ISA_USAGE = YES_ERROR;
				CLANG_WARN_EMPTY_BODY = YES;
				CLANG_WARN_ENUM_CONVERSION = YES;
				CLANG_WARN_INT_CONVERSION = YES;
				CLANG_WARN_OBJC_ROOT_CLASS = YES_ERROR;
				CLANG_WARN_UNREACHABLE_CODE = YES;
				CLANG_WARN__DUPLICATE_METHOD_MATCH = YES;
				"CODE_SIGN_IDENTITY[sdk=iphoneos*]" = "iPhone Developer";
				COPY_PHASE_STRIP = NO;
				DEBUG_INFORMATION_FORMAT = "dwarf-with-dsym";
				ENABLE_NS_ASSERTIONS = NO;
				ENABLE_STRICT_OBJC_MSGSEND = YES;
				GCC_C_LANGUAGE_STANDARD = gnu99;
				GCC_NO_COMMON_BLOCKS = YES;
				GCC_WARN_64_TO_32_BIT_CONVERSION = YES;
				GCC_WARN_ABOUT_RETURN_TYPE = YES_ERROR;
				GCC_WARN_UNDECLARED_SELECTOR = YES;
				GCC_WARN_UNINITIALIZED_AUTOS = YES_AGGRESSIVE;
				GCC_WARN_UNUSED_FUNCTION = YES;
				GCC_WARN_UNUSED_VARIABLE = YES;
				IPHONEOS_DEPLOYMENT_TARGET = 8.3;
				MTL_ENABLE_DEBUG_INFO = NO;
				SDKROOT = iphoneos;
				VALIDATE_PRODUCT = YES;
			};
			name = Release;
		};
		FE37CEF81D18887F0008AF4F /* Debug */ = {
			isa = XCBuildConfiguration;
			buildSettings = {
				ASSETCATALOG_COMPILER_APPICON_NAME = AppIcon;
				INFOPLIST_FILE = snow/Info.plist;
				LD_RUNPATH_SEARCH_PATHS = "$(inherited) @executable_path/Frameworks";
				PRODUCT_NAME = "$(TARGET_NAME)";
			};
			name = Debug;
		};
		FE37CEF91D18887F0008AF4F /* Release */ = {
			isa = XCBuildConfiguration;
			buildSettings = {
				ASSETCATALOG_COMPILER_APPICON_NAME = AppIcon;
				INFOPLIST_FILE = snow/Info.plist;
				LD_RUNPATH_SEARCH_PATHS = "$(inherited) @executable_path/Frameworks";
				PRODUCT_NAME = "$(TARGET_NAME)";
			};
			name = Release;
		};
		FE37CEFB1D18887F0008AF4F /* Debug */ = {
			isa = XCBuildConfiguration;
			buildSettings = {
				BUNDLE_LOADER = "$(TEST_HOST)";
				FRAMEWORK_SEARCH_PATHS = (
					"$(SDKROOT)/Developer/Library/Frameworks",
					"$(inherited)",
				);
				GCC_PREPROCESSOR_DEFINITIONS = (
					"DEBUG=1",
					"$(inherited)",
				);
				INFOPLIST_FILE = snowTests/Info.plist;
				LD_RUNPATH_SEARCH_PATHS = "$(inherited) @executable_path/Frameworks @loader_path/Frameworks";
				PRODUCT_NAME = "$(TARGET_NAME)";
				TEST_HOST = "$(BUILT_PRODUCTS_DIR)/snow.app/snow";
			};
			name = Debug;
		};
		FE37CEFC1D18887F0008AF4F /* Release */ = {
			isa = XCBuildConfiguration;
			buildSettings = {
				BUNDLE_LOADER = "$(TEST_HOST)";
				FRAMEWORK_SEARCH_PATHS = (
					"$(SDKROOT)/Developer/Library/Frameworks",
					"$(inherited)",
				);
				INFOPLIST_FILE = snowTests/Info.plist;
				LD_RUNPATH_SEARCH_PATHS = "$(inherited) @executable_path/Frameworks @loader_path/Frameworks";
				PRODUCT_NAME = "$(TARGET_NAME)";
				TEST_HOST = "$(BUILT_PRODUCTS_DIR)/snow.app/snow";
			};
			name = Release;
		};
/* End XCBuildConfiguration section */

/* Begin XCConfigurationList section */
		FE37CED01D18887F0008AF4F /* Build configuration list for PBXProject "snow" */ = {
			isa = XCConfigurationList;
			buildConfigurations = (
				FE37CEF51D18887F0008AF4F /* Debug */,
				FE37CEF61D18887F0008AF4F /* Release */,
			);
			defaultConfigurationIsVisible = 0;
			defaultConfigurationName = Release;
		};
		FE37CEF71D18887F0008AF4F /* Build configuration list for PBXNativeTarget "snow" */ = {
			isa = XCConfigurationList;
			buildConfigurations = (
				FE37CEF81D18887F0008AF4F /* Debug */,
				FE37CEF91D18887F0008AF4F /* Release */,
			);
			defaultConfigurationIsVisible = 0;
			defaultConfigurationName = Release;
		};
		FE37CEFA1D18887F0008AF4F /* Build configuration list for PBXNativeTarget "snowTests" */ = {
			isa = XCConfigurationList;
			buildConfigurations = (
				FE37CEFB1D18887F0008AF4F /* Debug */,
				FE37CEFC1D18887F0008AF4F /* Release */,
			);
			defaultConfigurationIsVisible = 0;
			defaultConfigurationName = Release;
		};
/* End XCConfigurationList section */

/* Begin XCVersionGroup section */
		FE37CEDC1D18887F0008AF4F /* snow.xcdatamodeld */ = {
			isa = XCVersionGroup;
			children = (
				FE37CEDD1D18887F0008AF4F /* snow.xcdatamodel */,
			);
			currentVersion = FE37CEDD1D18887F0008AF4F /* snow.xcdatamodel */;
			path = snow.xcdatamodeld;
			sourceTree = "<group>";
			versionGroupType = wrapper.xcdatamodel;
		};
/* End XCVersionGroup section */
	};
	rootObject = FE37CECD1D18887F0008AF4F /* Project object */;
}
